
Microsoft Visual Studio Solution File, Format Version 12.00
# Visual Studio 14
VisualStudioVersion = 14.0.25420.1
MinimumVisualStudioVersion = 10.0.40219.1
Project("{8BC9CEB8-8B4A-11D0-8D11-00A0C91BC942}") = "lolremez", "src\lolremez.vcxproj", "{5581AC22-33DD-40E3-AB32-3514A697057B}"
EndProject
Global
	GlobalSection(SolutionConfigurationPlatforms) = preSolution
		Debug|ORBIS = Debug|ORBIS
		Debug|Win32 = Debug|Win32
		Debug|x64 = Debug|x64
		Release|ORBIS = Release|ORBIS
		Release|Win32 = Release|Win32
		Release|x64 = Release|x64
	EndGlobalSection
	GlobalSection(ProjectConfigurationPlatforms) = postSolution
		{5581AC22-33DD-40E3-AB32-3514A697057B}.Debug|ORBIS.ActiveCfg = Debug|ORBIS
		{5581AC22-33DD-40E3-AB32-3514A697057B}.Debug|ORBIS.Build.0 = Debug|ORBIS
		{5581AC22-33DD-40E3-AB32-3514A697057B}.Debug|Win32.ActiveCfg = Debug|Win32
		{5581AC22-33DD-40E3-AB32-3514A697057B}.Debug|Win32.Build.0 = Debug|Win32
		{5581AC22-33DD-40E3-AB32-3514A697057B}.Debug|x64.ActiveCfg = Debug|x64
		{5581AC22-33DD-40E3-AB32-3514A697057B}.Debug|x64.Build.0 = Debug|x64
		{5581AC22-33DD-40E3-AB32-3514A697057B}.Release|ORBIS.ActiveCfg = Release|ORBIS
		{5581AC22-33DD-40E3-AB32-3514A697057B}.Release|ORBIS.Build.0 = Release|ORBIS
		{5581AC22-33DD-40E3-AB32-3514A697057B}.Release|Win32.ActiveCfg = Release|Win32
		{5581AC22-33DD-40E3-AB32-3514A697057B}.Release|Win32.Build.0 = Release|Win32
		{5581AC22-33DD-40E3-AB32-3514A697057B}.Release|x64.ActiveCfg = Release|x64
		{5581AC22-33DD-40E3-AB32-3514A697057B}.Release|x64.Build.0 = Release|x64
	EndGlobalSection
	GlobalSection(SolutionProperties) = preSolution
		HideSolutionNode = FALSE
	EndGlobalSection
	GlobalSection(ExtensibilityGlobals) = postSolution
		SolutionGuid = {5D1104EC-6D18-4F41-841F-2A6E6A5744EF}
	EndGlobalSection
EndGlobal
