
Microsoft Visual Studio Solution File, Format Version 12.00
# Visual Studio 14
VisualStudioVersion = 14.0.25420.1
MinimumVisualStudioVersion = 10.0.40219.1
Project("{8BC9CEB8-8B4A-11D0-8D11-00A0C91BC942}") = "lol-core", "lol\src\lol-core.vcxproj", "{9E62F2FE-3408-4EAE-8238-FD84238CEEDA}"
EndProject
Project("{8BC9CEB8-8B4A-11D0-8D11-00A0C91BC942}") = "lol-bullet", "lol\src\bullet\lol-bullet.vcxproj", "{83D3B207-C601-4025-8F41-01DEDC354661}"
EndProject
Project("{8BC9CEB8-8B4A-11D0-8D11-00A0C91BC942}") = "lol-lua", "lol\src\lua\lol-lua.vcxproj", "{D84021CA-B233-4E0F-8A52-071B83BBCCC4}"
EndProject
Project("{8BC9CEB8-8B4A-11D0-8D11-00A0C91BC942}") = "test-base", "lol\src\t\test-base.vcxproj", "{8F59A635-0240-4D7F-A80D-050C3F1670C2}"
EndProject
Project("{8BC9CEB8-8B4A-11D0-8D11-00A0C91BC942}") = "test-math", "lol\src\t\test-math.vcxproj", "{962D4E25-45D3-4ACE-8C02-69FA3713ABD4}"
EndProject
Project("{8BC9CEB8-8B4A-11D0-8D11-00A0C91BC942}") = "test-sys", "lol\src\t\test-sys.vcxproj", "{1782F849-B6E1-466D-9F02-A751F3F8712C}"
EndProject
Project("{8BC9CEB8-8B4A-11D0-8D11-00A0C91BC942}") = "test-image", "lol\src\t\test-image.vcxproj", "{5A27FF18-A1EC-49BE-9455-415F1C701153}"
EndProject
Project("{8BC9CEB8-8B4A-11D0-8D11-00A0C91BC942}") = "test-entity", "lol\src\t\test-entity.vcxproj", "{D7F6C2CA-5A13-4FD0-8468-1833923E3EE3}"
EndProject
Project("{8BC9CEB8-8B4A-11D0-8D11-00A0C91BC942}") = "benchsuite", "lol\doc\samples\benchsuite.vcxproj", "{B1E10086-A1DA-401A-834D-969C9DBB5CC1}"
EndProject
Project("{2150E333-8FDC-42A3-9474-1A3956D46DE8}") = "Tutorial", "Tutorial", "{E74CF679-CA2A-47E9-B1F4-3779D6AC6B04}"
EndProject
Project("{8BC9CEB8-8B4A-11D0-8D11-00A0C91BC942}") = "01_triangle", "lol\doc\tutorial\01_triangle.vcxproj", "{B92ABADC-45BE-4CC5-B724-9426053123A1}"
EndProject
Project("{8BC9CEB8-8B4A-11D0-8D11-00A0C91BC942}") = "02_cube", "lol\doc\tutorial\02_cube.vcxproj", "{7B083DA2-FE08-4F6D-BFDD-195D5C2783EB}"
EndProject
Project("{8BC9CEB8-8B4A-11D0-8D11-00A0C91BC942}") = "05_easymesh", "lol\doc\tutorial\05_easymesh.vcxproj", "{1C5B8702-290C-42DA-AA9E-671348F5B747}"
EndProject
Project("{8BC9CEB8-8B4A-11D0-8D11-00A0C91BC942}") = "11_fractal", "lol\doc\tutorial\11_fractal.vcxproj", "{6BF81B39-EDC2-4227-9992-C2D8ABEA95AF}"
EndProject
Project("{2150E333-8FDC-42A3-9474-1A3956D46DE8}") = "Engine", "Engine", "{1AFD580B-98B8-4689-B661-38C41132C60E}"
	ProjectSection(SolutionItems) = preProject
		msbuild\config-build.xml = msbuild\config-build.xml
	EndProjectSection
EndProject
Project("{8BC9CEB8-8B4A-11D0-8D11-00A0C91BC942}") = "btphystest", "lol\doc\samples\btphystest.vcxproj", "{EE203B88-44CF-4859-9D42-7A1F43FECB52}"
EndProject
Project("{8BC9CEB8-8B4A-11D0-8D11-00A0C91BC942}") = "08_fbo", "lol\doc\tutorial\08_fbo.vcxproj", "{BCEE0132-8E24-49BE-AFEB-96DAD14396BA}"
EndProject
Project("{8BC9CEB8-8B4A-11D0-8D11-00A0C91BC942}") = "03_noise", "lol\doc\tutorial\03_noise.vcxproj", "{B0A53D75-CBB4-4FDF-93AC-2D12A79ADA0E}"
EndProject
Project("{8BC9CEB8-8B4A-11D0-8D11-00A0C91BC942}") = "04_texture", "lol\doc\tutorial\04_texture.vcxproj", "{834852DB-EDB6-4FD0-BCF9-45CD01126962}"
EndProject
Project("{8BC9CEB8-8B4A-11D0-8D11-00A0C91BC942}") = "meshviewer", "lol\doc\samples\meshviewer\meshviewer.vcxproj", "{7CE9FE12-E4AB-4A22-90D4-2C15F0C30D4E}"
EndProject
Project("{8BC9CEB8-8B4A-11D0-8D11-00A0C91BC942}") = "12_Voronoi", "lol\doc\tutorial\12_Voronoi.vcxproj", "{6BF81B39-EDC2-4227-9982-C2D8ABEA95AF}"
EndProject
Project("{8BC9CEB8-8B4A-11D0-8D11-00A0C91BC942}") = "07_input", "lol\doc\tutorial\07_input.vcxproj", "{572E5B9C-7E19-489C-BD8A-E8401CFBBC47}"
EndProject
Project("{8BC9CEB8-8B4A-11D0-8D11-00A0C91BC942}") = "06_sprite", "lol\doc\tutorial\06_sprite.vcxproj", "{E05E23A5-67DE-42B5-98A3-E63CCE0CC0AF}"
EndProject
Project("{2150E333-8FDC-42A3-9474-1A3956D46DE8}") = "Test", "Test", "{E4DFEBF9-C310-462F-9876-7EB59C1E4D4E}"
EndProject
Project("{8BC9CEB8-8B4A-11D0-8D11-00A0C91BC942}") = "13_shader_builder", "lol\doc\tutorial\13_shader_builder.vcxproj", "{F59FA82C-DDB9-4EE2-80AE-CB0E4C6567A4}"
EndProject
Project("{2150E333-8FDC-42A3-9474-1A3956D46DE8}") = "Samples", "Samples", "{B6297FF2-63D0-41EE-BE13-EFF720C9B0FA}"
EndProject
Project("{8BC9CEB8-8B4A-11D0-8D11-00A0C91BC942}") = "roflmao", "roflmao\roflmao.vcxproj", "{3D02B33D-C348-43C8-AB6A-FB6E6F3C0E7C}"
EndProject
Project("{2150E333-8FDC-42A3-9474-1A3956D46DE8}") = "Roflmao", "Roflmao", "{03B9D2E1-AFBA-4F66-8DE0-6499C9F9155F}"
EndProject
Global
	GlobalSection(SolutionConfigurationPlatforms) = preSolution
		Debug|ORBIS = Debug|ORBIS
		Debug|Win32 = Debug|Win32
		Debug|x64 = Debug|x64
		Release|ORBIS = Release|ORBIS
		Release|Win32 = Release|Win32
		Release|x64 = Release|x64
	EndGlobalSection
	GlobalSection(ProjectConfigurationPlatforms) = postSolution
		{9E62F2FE-3408-4EAE-8238-FD84238CEEDA}.Debug|ORBIS.ActiveCfg = Debug|Win32
		{9E62F2FE-3408-4EAE-8238-FD84238CEEDA}.Debug|Win32.ActiveCfg = Debug|Win32
		{9E62F2FE-3408-4EAE-8238-FD84238CEEDA}.Debug|Win32.Build.0 = Debug|Win32
		{9E62F2FE-3408-4EAE-8238-FD84238CEEDA}.Debug|x64.ActiveCfg = Debug|x64
		{9E62F2FE-3408-4EAE-8238-FD84238CEEDA}.Debug|x64.Build.0 = Debug|x64
		{9E62F2FE-3408-4EAE-8238-FD84238CEEDA}.Release|ORBIS.ActiveCfg = Release|Win32
		{9E62F2FE-3408-4EAE-8238-FD84238CEEDA}.Release|Win32.ActiveCfg = Release|Win32
		{9E62F2FE-3408-4EAE-8238-FD84238CEEDA}.Release|Win32.Build.0 = Release|Win32
		{9E62F2FE-3408-4EAE-8238-FD84238CEEDA}.Release|x64.ActiveCfg = Release|x64
		{9E62F2FE-3408-4EAE-8238-FD84238CEEDA}.Release|x64.Build.0 = Release|x64
		{83D3B207-C601-4025-8F41-01DEDC354661}.Debug|ORBIS.ActiveCfg = Debug|Win32
		{83D3B207-C601-4025-8F41-01DEDC354661}.Debug|Win32.ActiveCfg = Debug|Win32
		{83D3B207-C601-4025-8F41-01DEDC354661}.Debug|Win32.Build.0 = Debug|Win32
		{83D3B207-C601-4025-8F41-01DEDC354661}.Debug|x64.ActiveCfg = Debug|x64
		{83D3B207-C601-4025-8F41-01DEDC354661}.Debug|x64.Build.0 = Debug|x64
		{83D3B207-C601-4025-8F41-01DEDC354661}.Release|ORBIS.ActiveCfg = Release|Win32
		{83D3B207-C601-4025-8F41-01DEDC354661}.Release|Win32.ActiveCfg = Release|Win32
		{83D3B207-C601-4025-8F41-01DEDC354661}.Release|Win32.Build.0 = Release|Win32
		{83D3B207-C601-4025-8F41-01DEDC354661}.Release|x64.ActiveCfg = Release|x64
		{83D3B207-C601-4025-8F41-01DEDC354661}.Release|x64.Build.0 = Release|x64
		{D84021CA-B233-4E0F-8A52-071B83BBCCC4}.Debug|ORBIS.ActiveCfg = Debug|Win32
		{D84021CA-B233-4E0F-8A52-071B83BBCCC4}.Debug|Win32.ActiveCfg = Debug|Win32
		{D84021CA-B233-4E0F-8A52-071B83BBCCC4}.Debug|Win32.Build.0 = Debug|Win32
		{D84021CA-B233-4E0F-8A52-071B83BBCCC4}.Debug|x64.ActiveCfg = Debug|x64
		{D84021CA-B233-4E0F-8A52-071B83BBCCC4}.Debug|x64.Build.0 = Debug|x64
		{D84021CA-B233-4E0F-8A52-071B83BBCCC4}.Release|ORBIS.ActiveCfg = Release|Win32
		{D84021CA-B233-4E0F-8A52-071B83BBCCC4}.Release|Win32.ActiveCfg = Release|Win32
		{D84021CA-B233-4E0F-8A52-071B83BBCCC4}.Release|Win32.Build.0 = Release|Win32
		{D84021CA-B233-4E0F-8A52-071B83BBCCC4}.Release|x64.ActiveCfg = Release|x64
		{D84021CA-B233-4E0F-8A52-071B83BBCCC4}.Release|x64.Build.0 = Release|x64
		{8F59A635-0240-4D7F-A80D-050C3F1670C2}.Debug|ORBIS.ActiveCfg = Debug|Win32
		{8F59A635-0240-4D7F-A80D-050C3F1670C2}.Debug|Win32.ActiveCfg = Debug|Win32
		{8F59A635-0240-4D7F-A80D-050C3F1670C2}.Debug|Win32.Build.0 = Debug|Win32
		{8F59A635-0240-4D7F-A80D-050C3F1670C2}.Debug|x64.ActiveCfg = Debug|x64
		{8F59A635-0240-4D7F-A80D-050C3F1670C2}.Debug|x64.Build.0 = Debug|x64
		{8F59A635-0240-4D7F-A80D-050C3F1670C2}.Release|ORBIS.ActiveCfg = Release|Win32
		{8F59A635-0240-4D7F-A80D-050C3F1670C2}.Release|Win32.ActiveCfg = Release|Win32
		{8F59A635-0240-4D7F-A80D-050C3F1670C2}.Release|Win32.Build.0 = Release|Win32
		{8F59A635-0240-4D7F-A80D-050C3F1670C2}.Release|x64.ActiveCfg = Release|x64
		{8F59A635-0240-4D7F-A80D-050C3F1670C2}.Release|x64.Build.0 = Release|x64
		{962D4E25-45D3-4ACE-8C02-69FA3713ABD4}.Debug|ORBIS.ActiveCfg = Debug|Win32
		{962D4E25-45D3-4ACE-8C02-69FA3713ABD4}.Debug|Win32.ActiveCfg = Debug|Win32
		{962D4E25-45D3-4ACE-8C02-69FA3713ABD4}.Debug|Win32.Build.0 = Debug|Win32
		{962D4E25-45D3-4ACE-8C02-69FA3713ABD4}.Debug|x64.ActiveCfg = Debug|x64
		{962D4E25-45D3-4ACE-8C02-69FA3713ABD4}.Debug|x64.Build.0 = Debug|x64
		{962D4E25-45D3-4ACE-8C02-69FA3713ABD4}.Release|ORBIS.ActiveCfg = Release|Win32
		{962D4E25-45D3-4ACE-8C02-69FA3713ABD4}.Release|Win32.ActiveCfg = Release|Win32
		{962D4E25-45D3-4ACE-8C02-69FA3713ABD4}.Release|Win32.Build.0 = Release|Win32
		{962D4E25-45D3-4ACE-8C02-69FA3713ABD4}.Release|x64.ActiveCfg = Release|x64
		{962D4E25-45D3-4ACE-8C02-69FA3713ABD4}.Release|x64.Build.0 = Release|x64
		{1782F849-B6E1-466D-9F02-A751F3F8712C}.Debug|ORBIS.ActiveCfg = Debug|Win32
		{1782F849-B6E1-466D-9F02-A751F3F8712C}.Debug|Win32.ActiveCfg = Debug|Win32
		{1782F849-B6E1-466D-9F02-A751F3F8712C}.Debug|Win32.Build.0 = Debug|Win32
		{1782F849-B6E1-466D-9F02-A751F3F8712C}.Debug|x64.ActiveCfg = Debug|x64
		{1782F849-B6E1-466D-9F02-A751F3F8712C}.Debug|x64.Build.0 = Debug|x64
		{1782F849-B6E1-466D-9F02-A751F3F8712C}.Release|ORBIS.ActiveCfg = Release|Win32
		{1782F849-B6E1-466D-9F02-A751F3F8712C}.Release|Win32.ActiveCfg = Release|Win32
		{1782F849-B6E1-466D-9F02-A751F3F8712C}.Release|Win32.Build.0 = Release|Win32
		{1782F849-B6E1-466D-9F02-A751F3F8712C}.Release|x64.ActiveCfg = Release|x64
		{1782F849-B6E1-466D-9F02-A751F3F8712C}.Release|x64.Build.0 = Release|x64
		{5A27FF18-A1EC-49BE-9455-415F1C701153}.Debug|ORBIS.ActiveCfg = Debug|Win32
		{5A27FF18-A1EC-49BE-9455-415F1C701153}.Debug|Win32.ActiveCfg = Debug|Win32
		{5A27FF18-A1EC-49BE-9455-415F1C701153}.Debug|Win32.Build.0 = Debug|Win32
		{5A27FF18-A1EC-49BE-9455-415F1C701153}.Debug|x64.ActiveCfg = Debug|x64
		{5A27FF18-A1EC-49BE-9455-415F1C701153}.Debug|x64.Build.0 = Debug|x64
		{5A27FF18-A1EC-49BE-9455-415F1C701153}.Release|ORBIS.ActiveCfg = Release|Win32
		{5A27FF18-A1EC-49BE-9455-415F1C701153}.Release|Win32.ActiveCfg = Release|Win32
		{5A27FF18-A1EC-49BE-9455-415F1C701153}.Release|Win32.Build.0 = Release|Win32
		{5A27FF18-A1EC-49BE-9455-415F1C701153}.Release|x64.ActiveCfg = Release|x64
		{5A27FF18-A1EC-49BE-9455-415F1C701153}.Release|x64.Build.0 = Release|x64
		{D7F6C2CA-5A13-4FD0-8468-1833923E3EE3}.Debug|ORBIS.ActiveCfg = Debug|Win32
		{D7F6C2CA-5A13-4FD0-8468-1833923E3EE3}.Debug|Win32.ActiveCfg = Debug|Win32
		{D7F6C2CA-5A13-4FD0-8468-1833923E3EE3}.Debug|Win32.Build.0 = Debug|Win32
		{D7F6C2CA-5A13-4FD0-8468-1833923E3EE3}.Debug|x64.ActiveCfg = Debug|x64
		{D7F6C2CA-5A13-4FD0-8468-1833923E3EE3}.Debug|x64.Build.0 = Debug|x64
		{D7F6C2CA-5A13-4FD0-8468-1833923E3EE3}.Release|ORBIS.ActiveCfg = Release|Win32
		{D7F6C2CA-5A13-4FD0-8468-1833923E3EE3}.Release|Win32.ActiveCfg = Release|Win32
		{D7F6C2CA-5A13-4FD0-8468-1833923E3EE3}.Release|Win32.Build.0 = Release|Win32
		{D7F6C2CA-5A13-4FD0-8468-1833923E3EE3}.Release|x64.ActiveCfg = Release|x64
		{D7F6C2CA-5A13-4FD0-8468-1833923E3EE3}.Release|x64.Build.0 = Release|x64
		{B1E10086-A1DA-401A-834D-969C9DBB5CC1}.Debug|ORBIS.ActiveCfg = Debug|Win32
		{B1E10086-A1DA-401A-834D-969C9DBB5CC1}.Debug|Win32.ActiveCfg = Debug|Win32
		{B1E10086-A1DA-401A-834D-969C9DBB5CC1}.Debug|x64.ActiveCfg = Debug|x64
		{B1E10086-A1DA-401A-834D-969C9DBB5CC1}.Debug|x64.Build.0 = Debug|x64
		{B1E10086-A1DA-401A-834D-969C9DBB5CC1}.Release|ORBIS.ActiveCfg = Release|Win32
		{B1E10086-A1DA-401A-834D-969C9DBB5CC1}.Release|Win32.ActiveCfg = Release|Win32
		{B1E10086-A1DA-401A-834D-969C9DBB5CC1}.Release|Win32.Build.0 = Release|Win32
		{B1E10086-A1DA-401A-834D-969C9DBB5CC1}.Release|x64.ActiveCfg = Release|x64
		{B1E10086-A1DA-401A-834D-969C9DBB5CC1}.Release|x64.Build.0 = Release|x64
		{B92ABADC-45BE-4CC5-B724-9426053123A1}.Debug|ORBIS.ActiveCfg = Debug|Win32
		{B92ABADC-45BE-4CC5-B724-9426053123A1}.Debug|Win32.ActiveCfg = Debug|Win32
		{B92ABADC-45BE-4CC5-B724-9426053123A1}.Debug|x64.ActiveCfg = Debug|x64
		{B92ABADC-45BE-4CC5-B724-9426053123A1}.Debug|x64.Build.0 = Debug|x64
		{B92ABADC-45BE-4CC5-B724-9426053123A1}.Release|ORBIS.ActiveCfg = Release|Win32
		{B92ABADC-45BE-4CC5-B724-9426053123A1}.Release|Win32.ActiveCfg = Release|Win32
		{B92ABADC-45BE-4CC5-B724-9426053123A1}.Release|Win32.Build.0 = Release|Win32
		{B92ABADC-45BE-4CC5-B724-9426053123A1}.Release|x64.ActiveCfg = Release|x64
		{B92ABADC-45BE-4CC5-B724-9426053123A1}.Release|x64.Build.0 = Release|x64
		{7B083DA2-FE08-4F6D-BFDD-195D5C2783EB}.Debug|ORBIS.ActiveCfg = Debug|Win32
		{7B083DA2-FE08-4F6D-BFDD-195D5C2783EB}.Debug|Win32.ActiveCfg = Debug|Win32
		{7B083DA2-FE08-4F6D-BFDD-195D5C2783EB}.Debug|x64.ActiveCfg = Debug|x64
		{7B083DA2-FE08-4F6D-BFDD-195D5C2783EB}.Debug|x64.Build.0 = Debug|x64
		{7B083DA2-FE08-4F6D-BFDD-195D5C2783EB}.Release|ORBIS.ActiveCfg = Release|Win32
		{7B083DA2-FE08-4F6D-BFDD-195D5C2783EB}.Release|Win32.ActiveCfg = Release|Win32
		{7B083DA2-FE08-4F6D-BFDD-195D5C2783EB}.Release|Win32.Build.0 = Release|Win32
		{7B083DA2-FE08-4F6D-BFDD-195D5C2783EB}.Release|x64.ActiveCfg = Release|x64
		{7B083DA2-FE08-4F6D-BFDD-195D5C2783EB}.Release|x64.Build.0 = Release|x64
		{1C5B8702-290C-42DA-AA9E-671348F5B747}.Debug|ORBIS.ActiveCfg = Debug|Win32
		{1C5B8702-290C-42DA-AA9E-671348F5B747}.Debug|Win32.ActiveCfg = Debug|Win32
		{1C5B8702-290C-42DA-AA9E-671348F5B747}.Debug|x64.ActiveCfg = Debug|x64
		{1C5B8702-290C-42DA-AA9E-671348F5B747}.Debug|x64.Build.0 = Debug|x64
		{1C5B8702-290C-42DA-AA9E-671348F5B747}.Release|ORBIS.ActiveCfg = Release|Win32
		{1C5B8702-290C-42DA-AA9E-671348F5B747}.Release|Win32.ActiveCfg = Release|Win32
		{1C5B8702-290C-42DA-AA9E-671348F5B747}.Release|Win32.Build.0 = Release|Win32
		{1C5B8702-290C-42DA-AA9E-671348F5B747}.Release|x64.ActiveCfg = Release|x64
		{1C5B8702-290C-42DA-AA9E-671348F5B747}.Release|x64.Build.0 = Release|x64
		{6BF81B39-EDC2-4227-9992-C2D8ABEA95AF}.Debug|ORBIS.ActiveCfg = Debug|Win32
		{6BF81B39-EDC2-4227-9992-C2D8ABEA95AF}.Debug|Win32.ActiveCfg = Debug|Win32
		{6BF81B39-EDC2-4227-9992-C2D8ABEA95AF}.Debug|x64.ActiveCfg = Debug|x64
		{6BF81B39-EDC2-4227-9992-C2D8ABEA95AF}.Debug|x64.Build.0 = Debug|x64
		{6BF81B39-EDC2-4227-9992-C2D8ABEA95AF}.Release|ORBIS.ActiveCfg = Release|Win32
		{6BF81B39-EDC2-4227-9992-C2D8ABEA95AF}.Release|Win32.ActiveCfg = Release|Win32
		{6BF81B39-EDC2-4227-9992-C2D8ABEA95AF}.Release|Win32.Build.0 = Release|Win32
		{6BF81B39-EDC2-4227-9992-C2D8ABEA95AF}.Release|x64.ActiveCfg = Release|x64
		{6BF81B39-EDC2-4227-9992-C2D8ABEA95AF}.Release|x64.Build.0 = Release|x64
		{EE203B88-44CF-4859-9D42-7A1F43FECB52}.Debug|ORBIS.ActiveCfg = Debug|Win32
		{EE203B88-44CF-4859-9D42-7A1F43FECB52}.Debug|Win32.ActiveCfg = Debug|Win32
		{EE203B88-44CF-4859-9D42-7A1F43FECB52}.Debug|x64.ActiveCfg = Debug|x64
		{EE203B88-44CF-4859-9D42-7A1F43FECB52}.Debug|x64.Build.0 = Debug|x64
		{EE203B88-44CF-4859-9D42-7A1F43FECB52}.Release|ORBIS.ActiveCfg = Release|Win32
		{EE203B88-44CF-4859-9D42-7A1F43FECB52}.Release|Win32.ActiveCfg = Release|Win32
		{EE203B88-44CF-4859-9D42-7A1F43FECB52}.Release|Win32.Build.0 = Release|Win32
		{EE203B88-44CF-4859-9D42-7A1F43FECB52}.Release|x64.ActiveCfg = Release|x64
		{EE203B88-44CF-4859-9D42-7A1F43FECB52}.Release|x64.Build.0 = Release|x64
		{BCEE0132-8E24-49BE-AFEB-96DAD14396BA}.Debug|ORBIS.ActiveCfg = Debug|Win32
		{BCEE0132-8E24-49BE-AFEB-96DAD14396BA}.Debug|Win32.ActiveCfg = Debug|Win32
		{BCEE0132-8E24-49BE-AFEB-96DAD14396BA}.Debug|x64.ActiveCfg = Debug|x64
		{BCEE0132-8E24-49BE-AFEB-96DAD14396BA}.Debug|x64.Build.0 = Debug|x64
		{BCEE0132-8E24-49BE-AFEB-96DAD14396BA}.Release|ORBIS.ActiveCfg = Release|Win32
		{BCEE0132-8E24-49BE-AFEB-96DAD14396BA}.Release|Win32.ActiveCfg = Release|Win32
		{BCEE0132-8E24-49BE-AFEB-96DAD14396BA}.Release|Win32.Build.0 = Release|Win32
		{BCEE0132-8E24-49BE-AFEB-96DAD14396BA}.Release|x64.ActiveCfg = Release|x64
		{BCEE0132-8E24-49BE-AFEB-96DAD14396BA}.Release|x64.Build.0 = Release|x64
		{B0A53D75-CBB4-4FDF-93AC-2D12A79ADA0E}.Debug|ORBIS.ActiveCfg = Debug|Win32
		{B0A53D75-CBB4-4FDF-93AC-2D12A79ADA0E}.Debug|Win32.ActiveCfg = Debug|Win32
		{B0A53D75-CBB4-4FDF-93AC-2D12A79ADA0E}.Debug|x64.ActiveCfg = Debug|x64
		{B0A53D75-CBB4-4FDF-93AC-2D12A79ADA0E}.Debug|x64.Build.0 = Debug|x64
		{B0A53D75-CBB4-4FDF-93AC-2D12A79ADA0E}.Release|ORBIS.ActiveCfg = Release|Win32
		{B0A53D75-CBB4-4FDF-93AC-2D12A79ADA0E}.Release|Win32.ActiveCfg = Release|Win32
		{B0A53D75-CBB4-4FDF-93AC-2D12A79ADA0E}.Release|Win32.Build.0 = Release|Win32
		{B0A53D75-CBB4-4FDF-93AC-2D12A79ADA0E}.Release|x64.ActiveCfg = Release|x64
		{B0A53D75-CBB4-4FDF-93AC-2D12A79ADA0E}.Release|x64.Build.0 = Release|x64
		{834852DB-EDB6-4FD0-BCF9-45CD01126962}.Debug|ORBIS.ActiveCfg = Debug|Win32
		{834852DB-EDB6-4FD0-BCF9-45CD01126962}.Debug|Win32.ActiveCfg = Debug|Win32
		{834852DB-EDB6-4FD0-BCF9-45CD01126962}.Debug|x64.ActiveCfg = Debug|x64
		{834852DB-EDB6-4FD0-BCF9-45CD01126962}.Debug|x64.Build.0 = Debug|x64
		{834852DB-EDB6-4FD0-BCF9-45CD01126962}.Release|ORBIS.ActiveCfg = Release|Win32
		{834852DB-EDB6-4FD0-BCF9-45CD01126962}.Release|Win32.ActiveCfg = Release|Win32
		{834852DB-EDB6-4FD0-BCF9-45CD01126962}.Release|Win32.Build.0 = Release|Win32
		{834852DB-EDB6-4FD0-BCF9-45CD01126962}.Release|x64.ActiveCfg = Release|x64
		{834852DB-EDB6-4FD0-BCF9-45CD01126962}.Release|x64.Build.0 = Release|x64
		{7CE9FE12-E4AB-4A22-90D4-2C15F0C30D4E}.Debug|ORBIS.ActiveCfg = Debug|Win32
		{7CE9FE12-E4AB-4A22-90D4-2C15F0C30D4E}.Debug|Win32.ActiveCfg = Debug|Win32
		{7CE9FE12-E4AB-4A22-90D4-2C15F0C30D4E}.Debug|Win32.Build.0 = Debug|Win32
		{7CE9FE12-E4AB-4A22-90D4-2C15F0C30D4E}.Debug|x64.ActiveCfg = Debug|x64
		{7CE9FE12-E4AB-4A22-90D4-2C15F0C30D4E}.Debug|x64.Build.0 = Debug|x64
		{7CE9FE12-E4AB-4A22-90D4-2C15F0C30D4E}.Release|ORBIS.ActiveCfg = Release|Win32
		{7CE9FE12-E4AB-4A22-90D4-2C15F0C30D4E}.Release|Win32.ActiveCfg = Release|Win32
		{7CE9FE12-E4AB-4A22-90D4-2C15F0C30D4E}.Release|Win32.Build.0 = Release|Win32
		{7CE9FE12-E4AB-4A22-90D4-2C15F0C30D4E}.Release|x64.ActiveCfg = Release|x64
		{7CE9FE12-E4AB-4A22-90D4-2C15F0C30D4E}.Release|x64.Build.0 = Release|x64
		{6BF81B39-EDC2-4227-9982-C2D8ABEA95AF}.Debug|ORBIS.ActiveCfg = Debug|Win32
		{6BF81B39-EDC2-4227-9982-C2D8ABEA95AF}.Debug|Win32.ActiveCfg = Debug|Win32
		{6BF81B39-EDC2-4227-9982-C2D8ABEA95AF}.Debug|x64.ActiveCfg = Debug|x64
		{6BF81B39-EDC2-4227-9982-C2D8ABEA95AF}.Debug|x64.Build.0 = Debug|x64
		{6BF81B39-EDC2-4227-9982-C2D8ABEA95AF}.Release|ORBIS.ActiveCfg = Release|Win32
		{6BF81B39-EDC2-4227-9982-C2D8ABEA95AF}.Release|Win32.ActiveCfg = Release|Win32
		{6BF81B39-EDC2-4227-9982-C2D8ABEA95AF}.Release|Win32.Build.0 = Release|Win32
		{6BF81B39-EDC2-4227-9982-C2D8ABEA95AF}.Release|x64.ActiveCfg = Release|x64
		{6BF81B39-EDC2-4227-9982-C2D8ABEA95AF}.Release|x64.Build.0 = Release|x64
		{572E5B9C-7E19-489C-BD8A-E8401CFBBC47}.Debug|ORBIS.ActiveCfg = Debug|Win32
		{572E5B9C-7E19-489C-BD8A-E8401CFBBC47}.Debug|Win32.ActiveCfg = Debug|Win32
		{572E5B9C-7E19-489C-BD8A-E8401CFBBC47}.Debug|x64.ActiveCfg = Debug|x64
		{572E5B9C-7E19-489C-BD8A-E8401CFBBC47}.Debug|x64.Build.0 = Debug|x64
		{572E5B9C-7E19-489C-BD8A-E8401CFBBC47}.Release|ORBIS.ActiveCfg = Release|Win32
		{572E5B9C-7E19-489C-BD8A-E8401CFBBC47}.Release|Win32.ActiveCfg = Release|Win32
		{572E5B9C-7E19-489C-BD8A-E8401CFBBC47}.Release|Win32.Build.0 = Release|Win32
		{572E5B9C-7E19-489C-BD8A-E8401CFBBC47}.Release|x64.ActiveCfg = Release|x64
		{572E5B9C-7E19-489C-BD8A-E8401CFBBC47}.Release|x64.Build.0 = Release|x64
		{E05E23A5-67DE-42B5-98A3-E63CCE0CC0AF}.Debug|ORBIS.ActiveCfg = Debug|Win32
		{E05E23A5-67DE-42B5-98A3-E63CCE0CC0AF}.Debug|Win32.ActiveCfg = Debug|Win32
		{E05E23A5-67DE-42B5-98A3-E63CCE0CC0AF}.Debug|x64.ActiveCfg = Debug|x64
		{E05E23A5-67DE-42B5-98A3-E63CCE0CC0AF}.Debug|x64.Build.0 = Debug|x64
		{E05E23A5-67DE-42B5-98A3-E63CCE0CC0AF}.Release|ORBIS.ActiveCfg = Release|Win32
		{E05E23A5-67DE-42B5-98A3-E63CCE0CC0AF}.Release|Win32.ActiveCfg = Release|Win32
		{E05E23A5-67DE-42B5-98A3-E63CCE0CC0AF}.Release|Win32.Build.0 = Release|Win32
		{E05E23A5-67DE-42B5-98A3-E63CCE0CC0AF}.Release|x64.ActiveCfg = Release|x64
		{E05E23A5-67DE-42B5-98A3-E63CCE0CC0AF}.Release|x64.Build.0 = Release|x64
		{F59FA82C-DDB9-4EE2-80AE-CB0E4C6567A4}.Debug|ORBIS.ActiveCfg = Debug|Win32
		{F59FA82C-DDB9-4EE2-80AE-CB0E4C6567A4}.Debug|Win32.ActiveCfg = Debug|Win32
		{F59FA82C-DDB9-4EE2-80AE-CB0E4C6567A4}.Debug|Win32.Build.0 = Debug|Win32
		{F59FA82C-DDB9-4EE2-80AE-CB0E4C6567A4}.Debug|x64.ActiveCfg = Debug|x64
		{F59FA82C-DDB9-4EE2-80AE-CB0E4C6567A4}.Debug|x64.Build.0 = Debug|x64
		{F59FA82C-DDB9-4EE2-80AE-CB0E4C6567A4}.Release|ORBIS.ActiveCfg = Release|Win32
		{F59FA82C-DDB9-4EE2-80AE-CB0E4C6567A4}.Release|Win32.ActiveCfg = Release|Win32
		{F59FA82C-DDB9-4EE2-80AE-CB0E4C6567A4}.Release|Win32.Build.0 = Release|Win32
		{F59FA82C-DDB9-4EE2-80AE-CB0E4C6567A4}.Release|x64.ActiveCfg = Release|x64
		{F59FA82C-DDB9-4EE2-80AE-CB0E4C6567A4}.Release|x64.Build.0 = Release|x64
		{3D02B33D-C348-43C8-AB6A-FB6E6F3C0E7C}.Debug|ORBIS.ActiveCfg = Debug|ORBIS
		{3D02B33D-C348-43C8-AB6A-FB6E6F3C0E7C}.Debug|ORBIS.Build.0 = Debug|ORBIS
		{3D02B33D-C348-43C8-AB6A-FB6E6F3C0E7C}.Debug|Win32.ActiveCfg = Debug|Win32
		{3D02B33D-C348-43C8-AB6A-FB6E6F3C0E7C}.Debug|Win32.Build.0 = Debug|Win32
		{3D02B33D-C348-43C8-AB6A-FB6E6F3C0E7C}.Debug|x64.ActiveCfg = Debug|x64
		{3D02B33D-C348-43C8-AB6A-FB6E6F3C0E7C}.Debug|x64.Build.0 = Debug|x64
		{3D02B33D-C348-43C8-AB6A-FB6E6F3C0E7C}.Release|ORBIS.ActiveCfg = Release|ORBIS
		{3D02B33D-C348-43C8-AB6A-FB6E6F3C0E7C}.Release|ORBIS.Build.0 = Release|ORBIS
		{3D02B33D-C348-43C8-AB6A-FB6E6F3C0E7C}.Release|Win32.ActiveCfg = Release|Win32
		{3D02B33D-C348-43C8-AB6A-FB6E6F3C0E7C}.Release|Win32.Build.0 = Release|Win32
		{3D02B33D-C348-43C8-AB6A-FB6E6F3C0E7C}.Release|x64.ActiveCfg = Release|x64
		{3D02B33D-C348-43C8-AB6A-FB6E6F3C0E7C}.Release|x64.Build.0 = Release|x64
	EndGlobalSection
	GlobalSection(SolutionProperties) = preSolution
		HideSolutionNode = FALSE
	EndGlobalSection
	GlobalSection(NestedProjects) = preSolution
		{9E62F2FE-3408-4EAE-8238-FD84238CEEDA} = {1AFD580B-98B8-4689-B661-38C41132C60E}
		{83D3B207-C601-4025-8F41-01DEDC354661} = {1AFD580B-98B8-4689-B661-38C41132C60E}
		{D84021CA-B233-4E0F-8A52-071B83BBCCC4} = {1AFD580B-98B8-4689-B661-38C41132C60E}
		{8F59A635-0240-4D7F-A80D-050C3F1670C2} = {E4DFEBF9-C310-462F-9876-7EB59C1E4D4E}
		{962D4E25-45D3-4ACE-8C02-69FA3713ABD4} = {E4DFEBF9-C310-462F-9876-7EB59C1E4D4E}
		{1782F849-B6E1-466D-9F02-A751F3F8712C} = {E4DFEBF9-C310-462F-9876-7EB59C1E4D4E}
		{5A27FF18-A1EC-49BE-9455-415F1C701153} = {E4DFEBF9-C310-462F-9876-7EB59C1E4D4E}
		{D7F6C2CA-5A13-4FD0-8468-1833923E3EE3} = {E4DFEBF9-C310-462F-9876-7EB59C1E4D4E}
		{B1E10086-A1DA-401A-834D-969C9DBB5CC1} = {B6297FF2-63D0-41EE-BE13-EFF720C9B0FA}
		{E74CF679-CA2A-47E9-B1F4-3779D6AC6B04} = {1AFD580B-98B8-4689-B661-38C41132C60E}
		{B92ABADC-45BE-4CC5-B724-9426053123A1} = {E74CF679-CA2A-47E9-B1F4-3779D6AC6B04}
		{7B083DA2-FE08-4F6D-BFDD-195D5C2783EB} = {E74CF679-CA2A-47E9-B1F4-3779D6AC6B04}
		{1C5B8702-290C-42DA-AA9E-671348F5B747} = {E74CF679-CA2A-47E9-B1F4-3779D6AC6B04}
		{6BF81B39-EDC2-4227-9992-C2D8ABEA95AF} = {E74CF679-CA2A-47E9-B1F4-3779D6AC6B04}
		{EE203B88-44CF-4859-9D42-7A1F43FECB52} = {B6297FF2-63D0-41EE-BE13-EFF720C9B0FA}
		{BCEE0132-8E24-49BE-AFEB-96DAD14396BA} = {E74CF679-CA2A-47E9-B1F4-3779D6AC6B04}
		{B0A53D75-CBB4-4FDF-93AC-2D12A79ADA0E} = {E74CF679-CA2A-47E9-B1F4-3779D6AC6B04}
		{834852DB-EDB6-4FD0-BCF9-45CD01126962} = {E74CF679-CA2A-47E9-B1F4-3779D6AC6B04}
		{7CE9FE12-E4AB-4A22-90D4-2C15F0C30D4E} = {B6297FF2-63D0-41EE-BE13-EFF720C9B0FA}
		{6BF81B39-EDC2-4227-9982-C2D8ABEA95AF} = {E74CF679-CA2A-47E9-B1F4-3779D6AC6B04}
		{572E5B9C-7E19-489C-BD8A-E8401CFBBC47} = {E74CF679-CA2A-47E9-B1F4-3779D6AC6B04}
		{E05E23A5-67DE-42B5-98A3-E63CCE0CC0AF} = {E74CF679-CA2A-47E9-B1F4-3779D6AC6B04}
		{E4DFEBF9-C310-462F-9876-7EB59C1E4D4E} = {1AFD580B-98B8-4689-B661-38C41132C60E}
		{F59FA82C-DDB9-4EE2-80AE-CB0E4C6567A4} = {E74CF679-CA2A-47E9-B1F4-3779D6AC6B04}
		{B6297FF2-63D0-41EE-BE13-EFF720C9B0FA} = {1AFD580B-98B8-4689-B661-38C41132C60E}
		{3D02B33D-C348-43C8-AB6A-FB6E6F3C0E7C} = {03B9D2E1-AFBA-4F66-8DE0-6499C9F9155F}
	EndGlobalSection
EndGlobal
