
Microsoft Visual Studio Solution File, Format Version 12.00
# Visual Studio 14
VisualStudioVersion = 14.0.25420.1
MinimumVisualStudioVersion = 10.0.40219.1
Project("{8BC9CEB8-8B4A-11D0-8D11-00A0C91BC942}") = "lol-core", "lol\src\lol-core.vcxproj", "{9E62F2FE-3408-4EAE-8238-FD84238CEEDA}"
EndProject
Project("{8BC9CEB8-8B4A-11D0-8D11-00A0C91BC942}") = "lol-bullet", "lol\src\bullet\lol-bullet.vcxproj", "{83D3B207-C601-4025-8F41-01DEDC354661}"
EndProject
Project("{8BC9CEB8-8B4A-11D0-8D11-00A0C91BC942}") = "lol-lua", "lol\src\lua\lol-lua.vcxproj", "{D84021CA-B233-4E0F-8A52-071B83BBCCC4}"
EndProject
Project("{2150E333-8FDC-42A3-9474-1A3956D46DE8}") = "Engine", "Engine", "{1AFD580B-98B8-4689-B661-38C41132C60E}"
	ProjectSection(SolutionItems) = preProject
		msbuild\config-build.xml = msbuild\config-build.xml
	EndProjectSection
EndProject
Project("{8BC9CEB8-8B4A-11D0-8D11-00A0C91BC942}") = "roflmao", "roflmao\roflmao.vcxproj", "{3D02B33D-C348-43C8-AB6A-FB6E6F3C0E7C}"
EndProject
Project("{2150E333-8FDC-42A3-9474-1A3956D46DE8}") = "Roflmao", "Roflmao", "{03B9D2E1-AFBA-4F66-8DE0-6499C9F9155F}"
EndProject
Global
	GlobalSection(SolutionConfigurationPlatforms) = preSolution
		Debug|ORBIS = Debug|ORBIS
		Debug|Win32 = Debug|Win32
		Debug|x64 = Debug|x64
		Release|ORBIS = Release|ORBIS
		Release|Win32 = Release|Win32
		Release|x64 = Release|x64
	EndGlobalSection
	GlobalSection(ProjectConfigurationPlatforms) = postSolution
		{9E62F2FE-3408-4EAE-8238-FD84238CEEDA}.Debug|ORBIS.ActiveCfg = Debug|Win32
		{9E62F2FE-3408-4EAE-8238-FD84238CEEDA}.Debug|Win32.ActiveCfg = Debug|Win32
		{9E62F2FE-3408-4EAE-8238-FD84238CEEDA}.Debug|Win32.Build.0 = Debug|Win32
		{9E62F2FE-3408-4EAE-8238-FD84238CEEDA}.Debug|x64.ActiveCfg = Debug|x64
		{9E62F2FE-3408-4EAE-8238-FD84238CEEDA}.Debug|x64.Build.0 = Debug|x64
		{9E62F2FE-3408-4EAE-8238-FD84238CEEDA}.Release|ORBIS.ActiveCfg = Release|Win32
		{9E62F2FE-3408-4EAE-8238-FD84238CEEDA}.Release|Win32.ActiveCfg = Release|Win32
		{9E62F2FE-3408-4EAE-8238-FD84238CEEDA}.Release|Win32.Build.0 = Release|Win32
		{9E62F2FE-3408-4EAE-8238-FD84238CEEDA}.Release|x64.ActiveCfg = Release|x64
		{9E62F2FE-3408-4EAE-8238-FD84238CEEDA}.Release|x64.Build.0 = Release|x64
		{83D3B207-C601-4025-8F41-01DEDC354661}.Debug|ORBIS.ActiveCfg = Debug|Win32
		{83D3B207-C601-4025-8F41-01DEDC354661}.Debug|Win32.ActiveCfg = Debug|Win32
		{83D3B207-C601-4025-8F41-01DEDC354661}.Debug|Win32.Build.0 = Debug|Win32
		{83D3B207-C601-4025-8F41-01DEDC354661}.Debug|x64.ActiveCfg = Debug|x64
		{83D3B207-C601-4025-8F41-01DEDC354661}.Debug|x64.Build.0 = Debug|x64
		{83D3B207-C601-4025-8F41-01DEDC354661}.Release|ORBIS.ActiveCfg = Release|Win32
		{83D3B207-C601-4025-8F41-01DEDC354661}.Release|Win32.ActiveCfg = Release|Win32
		{83D3B207-C601-4025-8F41-01DEDC354661}.Release|Win32.Build.0 = Release|Win32
		{83D3B207-C601-4025-8F41-01DEDC354661}.Release|x64.ActiveCfg = Release|x64
		{83D3B207-C601-4025-8F41-01DEDC354661}.Release|x64.Build.0 = Release|x64
		{D84021CA-B233-4E0F-8A52-071B83BBCCC4}.Debug|ORBIS.ActiveCfg = Debug|Win32
		{D84021CA-B233-4E0F-8A52-071B83BBCCC4}.Debug|Win32.ActiveCfg = Debug|Win32
		{D84021CA-B233-4E0F-8A52-071B83BBCCC4}.Debug|Win32.Build.0 = Debug|Win32
		{D84021CA-B233-4E0F-8A52-071B83BBCCC4}.Debug|x64.ActiveCfg = Debug|x64
		{D84021CA-B233-4E0F-8A52-071B83BBCCC4}.Debug|x64.Build.0 = Debug|x64
		{D84021CA-B233-4E0F-8A52-071B83BBCCC4}.Release|ORBIS.ActiveCfg = Release|Win32
		{D84021CA-B233-4E0F-8A52-071B83BBCCC4}.Release|Win32.ActiveCfg = Release|Win32
		{D84021CA-B233-4E0F-8A52-071B83BBCCC4}.Release|Win32.Build.0 = Release|Win32
		{D84021CA-B233-4E0F-8A52-071B83BBCCC4}.Release|x64.ActiveCfg = Release|x64
		{D84021CA-B233-4E0F-8A52-071B83BBCCC4}.Release|x64.Build.0 = Release|x64
		{3D02B33D-C348-43C8-AB6A-FB6E6F3C0E7C}.Debug|ORBIS.ActiveCfg = Debug|ORBIS
		{3D02B33D-C348-43C8-AB6A-FB6E6F3C0E7C}.Debug|ORBIS.Build.0 = Debug|ORBIS
		{3D02B33D-C348-43C8-AB6A-FB6E6F3C0E7C}.Debug|Win32.ActiveCfg = Debug|Win32
		{3D02B33D-C348-43C8-AB6A-FB6E6F3C0E7C}.Debug|Win32.Build.0 = Debug|Win32
		{3D02B33D-C348-43C8-AB6A-FB6E6F3C0E7C}.Debug|x64.ActiveCfg = Debug|x64
		{3D02B33D-C348-43C8-AB6A-FB6E6F3C0E7C}.Debug|x64.Build.0 = Debug|x64
		{3D02B33D-C348-43C8-AB6A-FB6E6F3C0E7C}.Release|ORBIS.ActiveCfg = Release|ORBIS
		{3D02B33D-C348-43C8-AB6A-FB6E6F3C0E7C}.Release|ORBIS.Build.0 = Release|ORBIS
		{3D02B33D-C348-43C8-AB6A-FB6E6F3C0E7C}.Release|Win32.ActiveCfg = Release|Win32
		{3D02B33D-C348-43C8-AB6A-FB6E6F3C0E7C}.Release|Win32.Build.0 = Release|Win32
		{3D02B33D-C348-43C8-AB6A-FB6E6F3C0E7C}.Release|x64.ActiveCfg = Release|x64
		{3D02B33D-C348-43C8-AB6A-FB6E6F3C0E7C}.Release|x64.Build.0 = Release|x64
	EndGlobalSection
	GlobalSection(SolutionProperties) = preSolution
		HideSolutionNode = FALSE
	EndGlobalSection
	GlobalSection(NestedProjects) = preSolution
		{9E62F2FE-3408-4EAE-8238-FD84238CEEDA} = {1AFD580B-98B8-4689-B661-38C41132C60E}
		{83D3B207-C601-4025-8F41-01DEDC354661} = {1AFD580B-98B8-4689-B661-38C41132C60E}
		{D84021CA-B233-4E0F-8A52-071B83BBCCC4} = {1AFD580B-98B8-4689-B661-38C41132C60E}
		{3D02B33D-C348-43C8-AB6A-FB6E6F3C0E7C} = {03B9D2E1-AFBA-4F66-8DE0-6499C9F9155F}
	EndGlobalSection
EndGlobal
